
Microsoft Visual Studio Solution File, Format Version 12.00
# Visual Studio 2012
Project("{2150E333-8FDC-42A3-9474-1A3956D46DE8}") = "Core", "Core", "{096203F3-C15A-4658-B2A6-8B575D556E1C}"
EndProject
Project("{2150E333-8FDC-42A3-9474-1A3956D46DE8}") = "Calc", "Calc", "{2BDAD6AA-7B80-4B59-A1E2-C506BEB66C9C}"
EndProject
Project("{2150E333-8FDC-42A3-9474-1A3956D46DE8}") = "Tests", "Tests", "{3EA099AB-7B68-4252-B207-2EF32EA53306}"
EndProject
Project("{F184B08F-C81C-45F6-A57F-5ABD9991F28F}") = "CribbageCalc", "CribbageCalc\CribbageCalc.vbproj", "{B021DAB3-7EAE-4D31-988B-84119D0656E6}"
EndProject
Global
	GlobalSection(TeamFoundationVersionControl) = preSolution
		SccNumberOfProjects = 2
		SccEnterpriseProvider = {4CA58AB2-18FA-4F8D-95D4-32DDF27D184C}
		SccTeamFoundationServer = https://rpgcor.tfspreview.com/defaultcollection
		SccLocalPath0 = .
		SccProjectUniqueName1 = CribbageCalc\\CribbageCalc.vbproj
		SccProjectTopLevelParentUniqueName1 = CribbageSolution.sln
		SccProjectName1 = CribbageCalc
		SccLocalPath1 = CribbageCalc
	EndGlobalSection
	GlobalSection(SolutionConfigurationPlatforms) = preSolution
		Debug|Any CPU = Debug|Any CPU
		Release|Any CPU = Release|Any CPU
	EndGlobalSection
	GlobalSection(ProjectConfigurationPlatforms) = postSolution
		{B021DAB3-7EAE-4D31-988B-84119D0656E6}.Debug|Any CPU.ActiveCfg = Debug|Any CPU
		{B021DAB3-7EAE-4D31-988B-84119D0656E6}.Debug|Any CPU.Build.0 = Debug|Any CPU
		{B021DAB3-7EAE-4D31-988B-84119D0656E6}.Release|Any CPU.ActiveCfg = Release|Any CPU
		{B021DAB3-7EAE-4D31-988B-84119D0656E6}.Release|Any CPU.Build.0 = Release|Any CPU
	EndGlobalSection
	GlobalSection(SolutionProperties) = preSolution
		HideSolutionNode = FALSE
	EndGlobalSection
	GlobalSection(NestedProjects) = preSolution
		{B021DAB3-7EAE-4D31-988B-84119D0656E6} = {2BDAD6AA-7B80-4B59-A1E2-C506BEB66C9C}
	EndGlobalSection
EndGlobal
